
Microsoft Visual Studio Solution File, Format Version 12.00
# Visual Studio Version 17
VisualStudioVersion = 17.2.32616.157
MinimumVisualStudioVersion = 10.0.40219.1
Project("{9A19103F-16F7-4668-BE54-9A1E7A4F7556}") = "HorizonCalculator", "HorizonCalculator.csproj", "{B75B44F8-8C77-41C6-B2AF-7D7D17643FF7}"
EndProject
Project("{9A19103F-16F7-4668-BE54-9A1E7A4F7556}") = "HorizonCalculator.Tests", "..\HorizonCalculator.Tests\HorizonCalculator.Tests.csproj", "{B1D13AEE-4120-4528-AF61-CBAEA3FAB089}"
EndProject
Global
	GlobalSection(SolutionConfigurationPlatforms) = preSolution
		Debug|Any CPU = Debug|Any CPU
		Release|Any CPU = Release|Any CPU
	EndGlobalSection
	GlobalSection(ProjectConfigurationPlatforms) = postSolution
		{B75B44F8-8C77-41C6-B2AF-7D7D17643FF7}.Debug|Any CPU.ActiveCfg = Debug|Any CPU
		{B75B44F8-8C77-41C6-B2AF-7D7D17643FF7}.Debug|Any CPU.Build.0 = Debug|Any CPU
		{B75B44F8-8C77-41C6-B2AF-7D7D17643FF7}.Release|Any CPU.ActiveCfg = Release|Any CPU
		{B75B44F8-8C77-41C6-B2AF-7D7D17643FF7}.Release|Any CPU.Build.0 = Release|Any CPU
		{B1D13AEE-4120-4528-AF61-CBAEA3FAB089}.Debug|Any CPU.ActiveCfg = Debug|Any CPU
		{B1D13AEE-4120-4528-AF61-CBAEA3FAB089}.Debug|Any CPU.Build.0 = Debug|Any CPU
		{B1D13AEE-4120-4528-AF61-CBAEA3FAB089}.Release|Any CPU.ActiveCfg = Release|Any CPU
		{B1D13AEE-4120-4528-AF61-CBAEA3FAB089}.Release|Any CPU.Build.0 = Release|Any CPU
	EndGlobalSection
	GlobalSection(SolutionProperties) = preSolution
		HideSolutionNode = FALSE
	EndGlobalSection
	GlobalSection(ExtensibilityGlobals) = postSolution
		SolutionGuid = {AB27FB0B-DB79-4C3E-BEEB-AEFBC3C7B736}
	EndGlobalSection
EndGlobal
